// !$*UTF8*$!
{
	archiveVersion = 1;
	classes = {
	};
	objectVersion = 60;
	objects = {

/* Begin PBXBuildFile section */
		D1F8C12F2C2C12A80088E23A /* ScrollDisablerApp.swift in Sources */ = {isa = PBXBuildFile; fileRef = D1F8C12E2C2C12A80088E23A /* ScrollDisablerApp.swift */; };
		D1F8C1312C2C12A80088E23A /* ContentView.swift in Sources */ = {isa = PBXBuildFile; fileRef = D1F8C1302C2C12A80088E23A /* ContentView.swift */; };
		D1F8C1332C2C12A90088E23A /* Assets.xcassets in Resources */ = {isa = PBXBuildFile; fileRef = D1F8C1322C2C12A90088E23A /* Assets.xcassets */; };
		D1F8C1362C2C12A90088E23A /* Preview Assets.xcassets in Resources */ = {isa = PBXBuildFile; fileRef = D1F8C1352C2C12A90088E23A /* Preview Assets.xcassets */; };
		D1F8C13D2C2C13CC0088E23A /* ConsistencyView.swift in Sources */ = {isa = PBXBuildFile; fileRef = D1F8C13C2C2C13CC0088E23A /* ConsistencyView.swift */; };
		D1F8C13F2C2C15430088E23A /* WillingView.swift in Sources */ = {isa = PBXBuildFile; fileRef = D1F8C13E2C2C15430088E23A /* WillingView.swift */; };
		D1F8C1412C2C16600088E23A /* WelcomeView.swift in Sources */ = {isa = PBXBuildFile; fileRef = D1F8C1402C2C16600088E23A /* WelcomeView.swift */; };
		D1F8C1432C2C3A6D0088E23A /* DisableEnterView.swift in Sources */ = {isa = PBXBuildFile; fileRef = D1F8C1422C2C3A6D0088E23A /* DisableEnterView.swift */; };
/* End PBXBuildFile section */

/* Begin PBXFileReference section */
		D1F8C12B2C2C12A80088E23A /* ScrollDisabler.app */ = {isa = PBXFileReference; explicitFileType = wrapper.application; includeInIndex = 0; path = ScrollDisabler.app; sourceTree = BUILT_PRODUCTS_DIR; };
		D1F8C12E2C2C12A80088E23A /* ScrollDisablerApp.swift */ = {isa = PBXFileReference; lastKnownFileType = sourcecode.swift; path = ScrollDisablerApp.swift; sourceTree = "<group>"; };
		D1F8C1302C2C12A80088E23A /* ContentView.swift */ = {isa = PBXFileReference; lastKnownFileType = sourcecode.swift; path = ContentView.swift; sourceTree = "<group>"; };
		D1F8C1322C2C12A90088E23A /* Assets.xcassets */ = {isa = PBXFileReference; lastKnownFileType = folder.assetcatalog; path = Assets.xcassets; sourceTree = "<group>"; };
		D1F8C1352C2C12A90088E23A /* Preview Assets.xcassets */ = {isa = PBXFileReference; lastKnownFileType = folder.assetcatalog; path = "Preview Assets.xcassets"; sourceTree = "<group>"; };
		D1F8C13C2C2C13CC0088E23A /* ConsistencyView.swift */ = {isa = PBXFileReference; lastKnownFileType = sourcecode.swift; path = ConsistencyView.swift; sourceTree = "<group>"; };
		D1F8C13E2C2C15430088E23A /* WillingView.swift */ = {isa = PBXFileReference; lastKnownFileType = sourcecode.swift; path = WillingView.swift; sourceTree = "<group>"; };
		D1F8C1402C2C16600088E23A /* WelcomeView.swift */ = {isa = PBXFileReference; lastKnownFileType = sourcecode.swift; path = WelcomeView.swift; sourceTree = "<group>"; };
		D1F8C1422C2C3A6D0088E23A /* DisableEnterView.swift */ = {isa = PBXFileReference; lastKnownFileType = sourcecode.swift; path = DisableEnterView.swift; sourceTree = "<group>"; };
/* End PBXFileReference section */

/* Begin PBXFrameworksBuildPhase section */
		D1F8C1282C2C12A80088E23A /* Frameworks */ = {
			isa = PBXFrameworksBuildPhase;
			buildActionMask = 2147483647;
			files = (
			);
			runOnlyForDeploymentPostprocessing = 0;
		};
/* End PBXFrameworksBuildPhase section */

/* Begin PBXGroup section */
		D1F8C1222C2C12A80088E23A = {
			isa = PBXGroup;
			children = (
				D1F8C12D2C2C12A80088E23A /* ScrollDisabler */,
				D1F8C12C2C2C12A80088E23A /* Products */,
			);
			sourceTree = "<group>";
		};
		D1F8C12C2C2C12A80088E23A /* Products */ = {
			isa = PBXGroup;
			children = (
				D1F8C12B2C2C12A80088E23A /* ScrollDisabler.app */,
			);
			name = Products;
			sourceTree = "<group>";
		};
		D1F8C12D2C2C12A80088E23A /* ScrollDisabler */ = {
			isa = PBXGroup;
			children = (
				D1F8C12E2C2C12A80088E23A /* ScrollDisablerApp.swift */,
				D1F8C1302C2C12A80088E23A /* ContentView.swift */,
				D1F8C1422C2C3A6D0088E23A /* DisableEnterView.swift */,
				D1F8C13C2C2C13CC0088E23A /* ConsistencyView.swift */,
				D1F8C13E2C2C15430088E23A /* WillingView.swift */,
				D1F8C1402C2C16600088E23A /* WelcomeView.swift */,
				D1F8C1322C2C12A90088E23A /* Assets.xcassets */,
				D1F8C1342C2C12A90088E23A /* Preview Content */,
			);
			path = ScrollDisabler;
			sourceTree = "<group>";
		};
		D1F8C1342C2C12A90088E23A /* Preview Content */ = {
			isa = PBXGroup;
			children = (
				D1F8C1352C2C12A90088E23A /* Preview Assets.xcassets */,
			);
			path = "Preview Content";
			sourceTree = "<group>";
		};
/* End PBXGroup section */

/* Begin PBXNativeTarget section */
		D1F8C12A2C2C12A80088E23A /* ScrollDisabler */ = {
			isa = PBXNativeTarget;
			buildConfigurationList = D1F8C1392C2C12A90088E23A /* Build configuration list for PBXNativeTarget "ScrollDisabler" */;
			buildPhases = (
				D1F8C1272C2C12A80088E23A /* Sources */,
				D1F8C1282C2C12A80088E23A /* Frameworks */,
				D1F8C1292C2C12A80088E23A /* Resources */,
			);
			buildRules = (
			);
			dependencies = (
			);
			name = ScrollDisabler;
			productName = ScrollDisabler;
			productReference = D1F8C12B2C2C12A80088E23A /* ScrollDisabler.app */;
			productType = "com.apple.product-type.application";
		};
/* End PBXNativeTarget section */

/* Begin PBXProject section */
		D1F8C1232C2C12A80088E23A /* Project object */ = {
			isa = PBXProject;
			attributes = {
				BuildIndependentTargetsInParallel = 1;
				LastSwiftUpdateCheck = 1600;
				LastUpgradeCheck = 1600;
				TargetAttributes = {
					D1F8C12A2C2C12A80088E23A = {
						CreatedOnToolsVersion = 16.0;
					};
				};
			};
			buildConfigurationList = D1F8C1262C2C12A80088E23A /* Build configuration list for PBXProject "ScrollDisabler" */;
			compatibilityVersion = "Xcode 15.0";
			developmentRegion = en;
			hasScannedForEncodings = 0;
			knownRegions = (
				en,
				Base,
			);
			mainGroup = D1F8C1222C2C12A80088E23A;
			productRefGroup = D1F8C12C2C2C12A80088E23A /* Products */;
			projectDirPath = "";
			projectRoot = "";
			targets = (
				D1F8C12A2C2C12A80088E23A /* ScrollDisabler */,
			);
		};
/* End PBXProject section */

/* Begin PBXResourcesBuildPhase section */
		D1F8C1292C2C12A80088E23A /* Resources */ = {
			isa = PBXResourcesBuildPhase;
			buildActionMask = 2147483647;
			files = (
				D1F8C1362C2C12A90088E23A /* Preview Assets.xcassets in Resources */,
				D1F8C1332C2C12A90088E23A /* Assets.xcassets in Resources */,
			);
			runOnlyForDeploymentPostprocessing = 0;
		};
/* End PBXResourcesBuildPhase section */

/* Begin PBXSourcesBuildPhase section */
		D1F8C1272C2C12A80088E23A /* Sources */ = {
			isa = PBXSourcesBuildPhase;
			buildActionMask = 2147483647;
			files = (
				D1F8C1432C2C3A6D0088E23A /* DisableEnterView.swift in Sources */,
				D1F8C1412C2C16600088E23A /* WelcomeView.swift in Sources */,
				D1F8C13D2C2C13CC0088E23A /* ConsistencyView.swift in Sources */,
				D1F8C1312C2C12A80088E23A /* ContentView.swift in Sources */,
				D1F8C13F2C2C15430088E23A /* WillingView.swift in Sources */,
				D1F8C12F2C2C12A80088E23A /* ScrollDisablerApp.swift in Sources */,
			);
			runOnlyForDeploymentPostprocessing = 0;
		};
/* End PBXSourcesBuildPhase section */

/* Begin XCBuildConfiguration section */
		D1F8C1372C2C12A90088E23A /* Debug */ = {
			isa = XCBuildConfiguration;
			buildSettings = {
				ALWAYS_SEARCH_USER_PATHS = NO;
				ASSETCATALOG_COMPILER_GENERATE_SWIFT_ASSET_SYMBOL_EXTENSIONS = YES;
				CLANG_ANALYZER_NONNULL = YES;
				CLANG_ANALYZER_NUMBER_OBJECT_CONVERSION = YES_AGGRESSIVE;
				CLANG_CXX_LANGUAGE_STANDARD = "gnu++20";
				CLANG_ENABLE_MODULES = YES;
				CLANG_ENABLE_OBJC_ARC = YES;
				CLANG_ENABLE_OBJC_WEAK = YES;
				CLANG_WARN_BLOCK_CAPTURE_AUTORELEASING = YES;
				CLANG_WARN_BOOL_CONVERSION = YES;
				CLANG_WARN_COMMA = YES;
				CLANG_WARN_CONSTANT_CONVERSION = YES;
				CLANG_WARN_DEPRECATED_OBJC_IMPLEMENTATIONS = YES;
				CLANG_WARN_DIRECT_OBJC_ISA_USAGE = YES_ERROR;
				CLANG_WARN_DOCUMENTATION_COMMENTS = YES;
				CLANG_WARN_EMPTY_BODY = YES;
				CLANG_WARN_ENUM_CONVERSION = YES;
				CLANG_WARN_INFINITE_RECURSION = YES;
				CLANG_WARN_INT_CONVERSION = YES;
				CLANG_WARN_NON_LITERAL_NULL_CONVERSION = YES;
				CLANG_WARN_OBJC_IMPLICIT_RETAIN_SELF = YES;
				CLANG_WARN_OBJC_LITERAL_CONVERSION = YES;
				CLANG_WARN_OBJC_ROOT_CLASS = YES_ERROR;
				CLANG_WARN_QUOTED_INCLUDE_IN_FRAMEWORK_HEADER = YES;
				CLANG_WARN_RANGE_LOOP_ANALYSIS = YES;
				CLANG_WARN_STRICT_PROTOTYPES = YES;
				CLANG_WARN_SUSPICIOUS_MOVE = YES;
				CLANG_WARN_UNGUARDED_AVAILABILITY = YES_AGGRESSIVE;
				CLANG_WARN_UNREACHABLE_CODE = YES;
				CLANG_WARN__DUPLICATE_METHOD_MATCH = YES;
				COPY_PHASE_STRIP = NO;
				DEBUG_INFORMATION_FORMAT = dwarf;
				ENABLE_STRICT_OBJC_MSGSEND = YES;
				ENABLE_TESTABILITY = YES;
				ENABLE_USER_SCRIPT_SANDBOXING = YES;
				GCC_C_LANGUAGE_STANDARD = gnu17;
				GCC_DYNAMIC_NO_PIC = NO;
				GCC_NO_COMMON_BLOCKS = YES;
				GCC_OPTIMIZATION_LEVEL = 0;
				GCC_PREPROCESSOR_DEFINITIONS = (
					"DEBUG=1",
					"$(inherited)",
				);
				GCC_WARN_64_TO_32_BIT_CONVERSION = YES;
				GCC_WARN_ABOUT_RETURN_TYPE = YES_ERROR;
				GCC_WARN_UNDECLARED_SELECTOR = YES;
				GCC_WARN_UNINITIALIZED_AUTOS = YES_AGGRESSIVE;
				GCC_WARN_UNUSED_FUNCTION = YES;
				GCC_WARN_UNUSED_VARIABLE = YES;
				IPHONEOS_DEPLOYMENT_TARGET = 18.0;
				LOCALIZATION_PREFERS_STRING_CATALOGS = YES;
				MTL_ENABLE_DEBUG_INFO = INCLUDE_SOURCE;
				MTL_FAST_MATH = YES;
				ONLY_ACTIVE_ARCH = YES;
				SDKROOT = iphoneos;
				SWIFT_ACTIVE_COMPILATION_CONDITIONS = "DEBUG $(inherited)";
				SWIFT_OPTIMIZATION_LEVEL = "-Onone";
			};
			name = Debug;
		};
		D1F8C1382C2C12A90088E23A /* Release */ = {
			isa = XCBuildConfiguration;
			buildSettings = {
				ALWAYS_SEARCH_USER_PATHS = NO;
				ASSETCATALOG_COMPILER_GENERATE_SWIFT_ASSET_SYMBOL_EXTENSIONS = YES;
				CLANG_ANALYZER_NONNULL = YES;
				CLANG_ANALYZER_NUMBER_OBJECT_CONVERSION = YES_AGGRESSIVE;
				CLANG_CXX_LANGUAGE_STANDARD = "gnu++20";
				CLANG_ENABLE_MODULES = YES;
				CLANG_ENABLE_OBJC_ARC = YES;
				CLANG_ENABLE_OBJC_WEAK = YES;
				CLANG_WARN_BLOCK_CAPTURE_AUTORELEASING = YES;
				CLANG_WARN_BOOL_CONVERSION = YES;
				CLANG_WARN_COMMA = YES;
				CLANG_WARN_CONSTANT_CONVERSION = YES;
				CLANG_WARN_DEPRECATED_OBJC_IMPLEMENTATIONS = YES;
				CLANG_WARN_DIRECT_OBJC_ISA_USAGE = YES_ERROR;
				CLANG_WARN_DOCUMENTATION_COMMENTS = YES;
				CLANG_WARN_EMPTY_BODY = YES;
				CLANG_WARN_ENUM_CONVERSION = YES;
				CLANG_WARN_INFINITE_RECURSION = YES;
				CLANG_WARN_INT_CONVERSION = YES;
				CLANG_WARN_NON_LITERAL_NULL_CONVERSION = YES;
				CLANG_WARN_OBJC_IMPLICIT_RETAIN_SELF = YES;
				CLANG_WARN_OBJC_LITERAL_CONVERSION = YES;
				CLANG_WARN_OBJC_ROOT_CLASS = YES_ERROR;
				CLANG_WARN_QUOTED_INCLUDE_IN_FRAMEWORK_HEADER = YES;
				CLANG_WARN_RANGE_LOOP_ANALYSIS = YES;
				CLANG_WARN_STRICT_PROTOTYPES = YES;
				CLANG_WARN_SUSPICIOUS_MOVE = YES;
				CLANG_WARN_UNGUARDED_AVAILABILITY = YES_AGGRESSIVE;
				CLANG_WARN_UNREACHABLE_CODE = YES;
				CLANG_WARN__DUPLICATE_METHOD_MATCH = YES;
				COPY_PHASE_STRIP = NO;
				DEBUG_INFORMATION_FORMAT = "dwarf-with-dsym";
				ENABLE_NS_ASSERTIONS = NO;
				ENABLE_STRICT_OBJC_MSGSEND = YES;
				ENABLE_USER_SCRIPT_SANDBOXING = YES;
				GCC_C_LANGUAGE_STANDARD = gnu17;
				GCC_NO_COMMON_BLOCKS = YES;
				GCC_WARN_64_TO_32_BIT_CONVERSION = YES;
				GCC_WARN_ABOUT_RETURN_TYPE = YES_ERROR;
				GCC_WARN_UNDECLARED_SELECTOR = YES;
				GCC_WARN_UNINITIALIZED_AUTOS = YES_AGGRESSIVE;
				GCC_WARN_UNUSED_FUNCTION = YES;
				GCC_WARN_UNUSED_VARIABLE = YES;
				IPHONEOS_DEPLOYMENT_TARGET = 18.0;
				LOCALIZATION_PREFERS_STRING_CATALOGS = YES;
				MTL_ENABLE_DEBUG_INFO = NO;
				MTL_FAST_MATH = YES;
				SDKROOT = iphoneos;
				SWIFT_COMPILATION_MODE = wholemodule;
				VALIDATE_PRODUCT = YES;
			};
			name = Release;
		};
		D1F8C13A2C2C12A90088E23A /* Debug */ = {
			isa = XCBuildConfiguration;
			buildSettings = {
				ASSETCATALOG_COMPILER_APPICON_NAME = AppIcon;
				ASSETCATALOG_COMPILER_GLOBAL_ACCENT_COLOR_NAME = AccentColor;
				CODE_SIGN_STYLE = Automatic;
				CURRENT_PROJECT_VERSION = 1;
				DEVELOPMENT_ASSET_PATHS = "\"ScrollDisabler/Preview Content\"";
				DEVELOPMENT_TEAM = VFT9XV5A7N;
				ENABLE_PREVIEWS = YES;
				GENERATE_INFOPLIST_FILE = YES;
				INFOPLIST_KEY_UIApplicationSceneManifest_Generation = YES;
				INFOPLIST_KEY_UIApplicationSupportsIndirectInputEvents = YES;
				INFOPLIST_KEY_UILaunchScreen_Generation = YES;
				INFOPLIST_KEY_UISupportedInterfaceOrientations_iPad = "UIInterfaceOrientationPortrait UIInterfaceOrientationPortraitUpsideDown UIInterfaceOrientationLandscapeLeft UIInterfaceOrientationLandscapeRight";
				INFOPLIST_KEY_UISupportedInterfaceOrientations_iPhone = "UIInterfaceOrientationPortrait UIInterfaceOrientationLandscapeLeft UIInterfaceOrientationLandscapeRight";
				IPHONEOS_DEPLOYMENT_TARGET = 18.0;
				LD_RUNPATH_SEARCH_PATHS = (
					"$(inherited)",
					"@executable_path/Frameworks",
				);
				MARKETING_VERSION = 1.0;
				PRODUCT_BUNDLE_IDENTIFIER = Tim.ScrollDisabler;
				PRODUCT_NAME = "$(TARGET_NAME)";
				SWIFT_EMIT_LOC_STRINGS = YES;
				SWIFT_VERSION = 5.0;
				TARGETED_DEVICE_FAMILY = "1,2";
			};
			name = Debug;
		};
		D1F8C13B2C2C12A90088E23A /* Release */ = {
			isa = XCBuildConfiguration;
			buildSettings = {
				ASSETCATALOG_COMPILER_APPICON_NAME = AppIcon;
				ASSETCATALOG_COMPILER_GLOBAL_ACCENT_COLOR_NAME = AccentColor;
				CODE_SIGN_STYLE = Automatic;
				CURRENT_PROJECT_VERSION = 1;
				DEVELOPMENT_ASSET_PATHS = "\"ScrollDisabler/Preview Content\"";
				DEVELOPMENT_TEAM = VFT9XV5A7N;
				ENABLE_PREVIEWS = YES;
				GENERATE_INFOPLIST_FILE = YES;
				INFOPLIST_KEY_UIApplicationSceneManifest_Generation = YES;
				INFOPLIST_KEY_UIApplicationSupportsIndirectInputEvents = YES;
				INFOPLIST_KEY_UILaunchScreen_Generation = YES;
				INFOPLIST_KEY_UISupportedInterfaceOrientations_iPad = "UIInterfaceOrientationPortrait UIInterfaceOrientationPortraitUpsideDown UIInterfaceOrientationLandscapeLeft UIInterfaceOrientationLandscapeRight";
				INFOPLIST_KEY_UISupportedInterfaceOrientations_iPhone = "UIInterfaceOrientationPortrait UIInterfaceOrientationLandscapeLeft UIInterfaceOrientationLandscapeRight";
				IPHONEOS_DEPLOYMENT_TARGET = 18.0;
				LD_RUNPATH_SEARCH_PATHS = (
					"$(inherited)",
					"@executable_path/Frameworks",
				);
				MARKETING_VERSION = 1.0;
				PRODUCT_BUNDLE_IDENTIFIER = Tim.ScrollDisabler;
				PRODUCT_NAME = "$(TARGET_NAME)";
				SWIFT_EMIT_LOC_STRINGS = YES;
				SWIFT_VERSION = 5.0;
				TARGETED_DEVICE_FAMILY = "1,2";
			};
			name = Release;
		};
/* End XCBuildConfiguration section */

/* Begin XCConfigurationList section */
		D1F8C1262C2C12A80088E23A /* Build configuration list for PBXProject "ScrollDisabler" */ = {
			isa = XCConfigurationList;
			buildConfigurations = (
				D1F8C1372C2C12A90088E23A /* Debug */,
				D1F8C1382C2C12A90088E23A /* Release */,
			);
			defaultConfigurationIsVisible = 0;
			defaultConfigurationName = Release;
		};
		D1F8C1392C2C12A90088E23A /* Build configuration list for PBXNativeTarget "ScrollDisabler" */ = {
			isa = XCConfigurationList;
			buildConfigurations = (
				D1F8C13A2C2C12A90088E23A /* Debug */,
				D1F8C13B2C2C12A90088E23A /* Release */,
			);
			defaultConfigurationIsVisible = 0;
			defaultConfigurationName = Release;
		};
/* End XCConfigurationList section */
	};
	rootObject = D1F8C1232C2C12A80088E23A /* Project object */;
}
